<?xml version="1.0" encoding="utf-8"?>
<Project ToolsVersion="4.0" xmlns="http://schemas.microsoft.com/developer/msbuild/2003">
  <ItemGroup>
    <Filter Include="Header Files">
      <UniqueIdentifier>{141da774-fc08-44ba-aaa2-3469f97f4e82}</UniqueIdentifier>
      <Extensions>h;hh;hpp;hxx;hm;inl;inc;xsd</Extensions>
    </Filter>
  </ItemGroup>
  <ItemGroup>
    <ClInclude Include="dirent.h">
      <Filter>Header Files</Filter>
    </ClInclude>
    <ClInclude Include="ffttools.hpp">
      <Filter>Header Files</Filter>
    </ClInclude>
    <ClInclude Include="fhog.hpp">
      <Filter>Header Files</Filter>
    </ClInclude>
    <ClInclude Include="kcftracker.hpp">
      <Filter>Header Files</Filter>
    </ClInclude>
    <ClInclude Include="labdata.hpp">
      <Filter>Header Files</Filter>
    </ClInclude>
    <ClInclude Include="recttools.hpp">
      <Filter>Header Files</Filter>
    </ClInclude>
    <ClInclude Include="tracker.h">
      <Filter>Header Files</Filter>
    </ClInclude>
    <ClInclude Include="verificator.h">
      <Filter>Header Files</Filter>
    </ClInclude>
  </ItemGroup>
  <ItemGroup>
    <ClCompile Include="fhog.cpp">
      <Filter>Header Files</Filter>
    </ClCompile>
    <ClCompile Include="kcftracker.cpp">
      <Filter>Header Files</Filter>
    </ClCompile>
    <ClCompile Include="runtracker.cpp" />
  </ItemGroup>
</Project>